
Microsoft Visual Studio Solution File, Format Version 12.00
# Visual Studio Version 16
VisualStudioVersion = 16.0.31729.503
MinimumVisualStudioVersion = 10.0.40219.1
Project("{FAE04EC0-301F-11D3-BF4B-00C04F79EFBC}") = "Wissance.Authorization", "Wissance.Authorization\Wissance.Authorization.csproj", "{D5FB2F99-B29D-4C9B-BC16-DB9340D8D7E2}"
EndProject
Project("{FAE04EC0-301F-11D3-BF4B-00C04F79EFBC}") = "Wissance.Authorization.Tests", "Wissance.Authorization.Tests\Wissance.Authorization.Tests.csproj", "{60D974CC-1C8D-4C31-8A20-EADBDE704049}"
EndProject
Global
	GlobalSection(SolutionConfigurationPlatforms) = preSolution
		Debug|Any CPU = Debug|Any CPU
		Release|Any CPU = Release|Any CPU
	EndGlobalSection
	GlobalSection(ProjectConfigurationPlatforms) = postSolution
		{D5FB2F99-B29D-4C9B-BC16-DB9340D8D7E2}.Debug|Any CPU.ActiveCfg = Debug|Any CPU
		{D5FB2F99-B29D-4C9B-BC16-DB9340D8D7E2}.Debug|Any CPU.Build.0 = Debug|Any CPU
		{D5FB2F99-B29D-4C9B-BC16-DB9340D8D7E2}.Release|Any CPU.ActiveCfg = Release|Any CPU
		{D5FB2F99-B29D-4C9B-BC16-DB9340D8D7E2}.Release|Any CPU.Build.0 = Release|Any CPU
		{60D974CC-1C8D-4C31-8A20-EADBDE704049}.Debug|Any CPU.ActiveCfg = Debug|Any CPU
		{60D974CC-1C8D-4C31-8A20-EADBDE704049}.Debug|Any CPU.Build.0 = Debug|Any CPU
		{60D974CC-1C8D-4C31-8A20-EADBDE704049}.Release|Any CPU.ActiveCfg = Release|Any CPU
		{60D974CC-1C8D-4C31-8A20-EADBDE704049}.Release|Any CPU.Build.0 = Release|Any CPU
	EndGlobalSection
	GlobalSection(SolutionProperties) = preSolution
		HideSolutionNode = FALSE
	EndGlobalSection
	GlobalSection(ExtensibilityGlobals) = postSolution
		SolutionGuid = {4FD02233-835A-4DB1-B7EC-C9BAE217851A}
	EndGlobalSection
EndGlobal
